
Microsoft Visual Studio Solution File, Format Version 12.00
# Visual Studio Version 17
VisualStudioVersion = 17.11.35222.181
MinimumVisualStudioVersion = 10.0.40219.1
Project("{8BC9CEB8-8B4A-11D0-8D11-00A0C91BC942}") = "lab_05.1", "lab_05.1\lab_05.1.vcxproj", "{125CC39C-0E5F-4DC3-8C0D-05519BB31778}"
EndProject
Project("{8BC9CEB8-8B4A-11D0-8D11-00A0C91BC942}") = "UnitTest_05.1", "UnitTest_05.1\UnitTest_05.1.vcxproj", "{1FC91A72-126C-44C2-BFD0-7E872B60BB34}"
EndProject
Global
	GlobalSection(SolutionConfigurationPlatforms) = preSolution
		Debug|x64 = Debug|x64
		Debug|x86 = Debug|x86
		Release|x64 = Release|x64
		Release|x86 = Release|x86
	EndGlobalSection
	GlobalSection(ProjectConfigurationPlatforms) = postSolution
		{125CC39C-0E5F-4DC3-8C0D-05519BB31778}.Debug|x64.ActiveCfg = Debug|x64
		{125CC39C-0E5F-4DC3-8C0D-05519BB31778}.Debug|x64.Build.0 = Debug|x64
		{125CC39C-0E5F-4DC3-8C0D-05519BB31778}.Debug|x86.ActiveCfg = Debug|Win32
		{125CC39C-0E5F-4DC3-8C0D-05519BB31778}.Debug|x86.Build.0 = Debug|Win32
		{125CC39C-0E5F-4DC3-8C0D-05519BB31778}.Release|x64.ActiveCfg = Release|x64
		{125CC39C-0E5F-4DC3-8C0D-05519BB31778}.Release|x64.Build.0 = Release|x64
		{125CC39C-0E5F-4DC3-8C0D-05519BB31778}.Release|x86.ActiveCfg = Release|Win32
		{125CC39C-0E5F-4DC3-8C0D-05519BB31778}.Release|x86.Build.0 = Release|Win32
		{1FC91A72-126C-44C2-BFD0-7E872B60BB34}.Debug|x64.ActiveCfg = Debug|x64
		{1FC91A72-126C-44C2-BFD0-7E872B60BB34}.Debug|x64.Build.0 = Debug|x64
		{1FC91A72-126C-44C2-BFD0-7E872B60BB34}.Debug|x86.ActiveCfg = Debug|Win32
		{1FC91A72-126C-44C2-BFD0-7E872B60BB34}.Debug|x86.Build.0 = Debug|Win32
		{1FC91A72-126C-44C2-BFD0-7E872B60BB34}.Release|x64.ActiveCfg = Release|x64
		{1FC91A72-126C-44C2-BFD0-7E872B60BB34}.Release|x64.Build.0 = Release|x64
		{1FC91A72-126C-44C2-BFD0-7E872B60BB34}.Release|x86.ActiveCfg = Release|Win32
		{1FC91A72-126C-44C2-BFD0-7E872B60BB34}.Release|x86.Build.0 = Release|Win32
	EndGlobalSection
	GlobalSection(SolutionProperties) = preSolution
		HideSolutionNode = FALSE
	EndGlobalSection
	GlobalSection(ExtensibilityGlobals) = postSolution
		SolutionGuid = {B91120E9-8306-4113-9866-BE39E3E43FD8}
	EndGlobalSection
EndGlobal
